// !$*UTF8*$!
{
	archiveVersion = 1;
	classes = {
	};
	objectVersion = 50;
	objects = {

/* Begin PBXBuildFile section */
		B473299726CAB51D0072E138 /* Peeps.framework in Frameworks */ = {isa = PBXBuildFile; fileRef = B473298D26CAB51D0072E138 /* Peeps.framework */; };
		B473299C26CAB51D0072E138 /* PersonTests.m in Sources */ = {isa = PBXBuildFile; fileRef = B473299B26CAB51D0072E138 /* PersonTests.m */; };
		B473299E26CAB51D0072E138 /* Peeps.h in Headers */ = {isa = PBXBuildFile; fileRef = B473299026CAB51D0072E138 /* Peeps.h */; settings = {ATTRIBUTES = (Public, ); }; };
		B47329A926CAB8DB0072E138 /* Person.h in Headers */ = {isa = PBXBuildFile; fileRef = B47329A726CAB8DB0072E138 /* Person.h */; settings = {ATTRIBUTES = (Public, ); }; };
		B47329AA26CAB8DB0072E138 /* Person.m in Sources */ = {isa = PBXBuildFile; fileRef = B47329A826CAB8DB0072E138 /* Person.m */; };
		B47329AD26CBEBEA0072E138 /* Dog.h in Headers */ = {isa = PBXBuildFile; fileRef = B47329AB26CBEBEA0072E138 /* Dog.h */; settings = {ATTRIBUTES = (Public, ); }; };
		B47329AE26CBEBEA0072E138 /* Dog.m in Sources */ = {isa = PBXBuildFile; fileRef = B47329AC26CBEBEA0072E138 /* Dog.m */; };
		B47329B126CC08DC0072E138 /* NSString+PeepsAdditions.h in Headers */ = {isa = PBXBuildFile; fileRef = B47329AF26CC08DC0072E138 /* NSString+PeepsAdditions.h */; settings = {ATTRIBUTES = (Public, ); }; };
		B47329B226CC08DC0072E138 /* NSString+PeepsAdditions.m in Sources */ = {isa = PBXBuildFile; fileRef = B47329B026CC08DC0072E138 /* NSString+PeepsAdditions.m */; };
/* End PBXBuildFile section */

/* Begin PBXContainerItemProxy section */
		B473299826CAB51D0072E138 /* PBXContainerItemProxy */ = {
			isa = PBXContainerItemProxy;
			containerPortal = B473298426CAB51D0072E138 /* Project object */;
			proxyType = 1;
			remoteGlobalIDString = B473298C26CAB51D0072E138;
			remoteInfo = Peeps;
		};
/* End PBXContainerItemProxy section */

/* Begin PBXFileReference section */
		B473298D26CAB51D0072E138 /* Peeps.framework */ = {isa = PBXFileReference; explicitFileType = wrapper.framework; includeInIndex = 0; path = Peeps.framework; sourceTree = BUILT_PRODUCTS_DIR; };
		B473299026CAB51D0072E138 /* Peeps.h */ = {isa = PBXFileReference; lastKnownFileType = sourcecode.c.h; path = Peeps.h; sourceTree = "<group>"; };
		B473299126CAB51D0072E138 /* Info.plist */ = {isa = PBXFileReference; lastKnownFileType = text.plist.xml; path = Info.plist; sourceTree = "<group>"; };
		B473299626CAB51D0072E138 /* PeepsTests.xctest */ = {isa = PBXFileReference; explicitFileType = wrapper.cfbundle; includeInIndex = 0; path = PeepsTests.xctest; sourceTree = BUILT_PRODUCTS_DIR; };
		B473299B26CAB51D0072E138 /* PersonTests.m */ = {isa = PBXFileReference; lastKnownFileType = sourcecode.c.objc; path = PersonTests.m; sourceTree = "<group>"; };
		B473299D26CAB51D0072E138 /* Info.plist */ = {isa = PBXFileReference; lastKnownFileType = text.plist.xml; path = Info.plist; sourceTree = "<group>"; };
		B47329A726CAB8DB0072E138 /* Person.h */ = {isa = PBXFileReference; lastKnownFileType = sourcecode.c.h; path = Person.h; sourceTree = "<group>"; };
		B47329A826CAB8DB0072E138 /* Person.m */ = {isa = PBXFileReference; lastKnownFileType = sourcecode.c.objc; path = Person.m; sourceTree = "<group>"; };
		B47329AB26CBEBEA0072E138 /* Dog.h */ = {isa = PBXFileReference; lastKnownFileType = sourcecode.c.h; path = Dog.h; sourceTree = "<group>"; };
		B47329AC26CBEBEA0072E138 /* Dog.m */ = {isa = PBXFileReference; lastKnownFileType = sourcecode.c.objc; path = Dog.m; sourceTree = "<group>"; };
		B47329AF26CC08DC0072E138 /* NSString+PeepsAdditions.h */ = {isa = PBXFileReference; lastKnownFileType = sourcecode.c.h; path = "NSString+PeepsAdditions.h"; sourceTree = "<group>"; };
		B47329B026CC08DC0072E138 /* NSString+PeepsAdditions.m */ = {isa = PBXFileReference; lastKnownFileType = sourcecode.c.objc; path = "NSString+PeepsAdditions.m"; sourceTree = "<group>"; };
/* End PBXFileReference section */

/* Begin PBXFrameworksBuildPhase section */
		B473298A26CAB51D0072E138 /* Frameworks */ = {
			isa = PBXFrameworksBuildPhase;
			buildActionMask = 2147483647;
			files = (
			);
			runOnlyForDeploymentPostprocessing = 0;
		};
		B473299326CAB51D0072E138 /* Frameworks */ = {
			isa = PBXFrameworksBuildPhase;
			buildActionMask = 2147483647;
			files = (
				B473299726CAB51D0072E138 /* Peeps.framework in Frameworks */,
			);
			runOnlyForDeploymentPostprocessing = 0;
		};
/* End PBXFrameworksBuildPhase section */

/* Begin PBXGroup section */
		B473298326CAB51D0072E138 = {
			isa = PBXGroup;
			children = (
				B473298F26CAB51D0072E138 /* Peeps */,
				B473299A26CAB51D0072E138 /* PeepsTests */,
				B473298E26CAB51D0072E138 /* Products */,
			);
			sourceTree = "<group>";
		};
		B473298E26CAB51D0072E138 /* Products */ = {
			isa = PBXGroup;
			children = (
				B473298D26CAB51D0072E138 /* Peeps.framework */,
				B473299626CAB51D0072E138 /* PeepsTests.xctest */,
			);
			name = Products;
			sourceTree = "<group>";
		};
		B473298F26CAB51D0072E138 /* Peeps */ = {
			isa = PBXGroup;
			children = (
				B473299026CAB51D0072E138 /* Peeps.h */,
				B47329A726CAB8DB0072E138 /* Person.h */,
				B47329A826CAB8DB0072E138 /* Person.m */,
				B47329AB26CBEBEA0072E138 /* Dog.h */,
				B47329AC26CBEBEA0072E138 /* Dog.m */,
				B47329AF26CC08DC0072E138 /* NSString+PeepsAdditions.h */,
				B47329B026CC08DC0072E138 /* NSString+PeepsAdditions.m */,
				B473299126CAB51D0072E138 /* Info.plist */,
			);
			path = Peeps;
			sourceTree = "<group>";
		};
		B473299A26CAB51D0072E138 /* PeepsTests */ = {
			isa = PBXGroup;
			children = (
				B473299B26CAB51D0072E138 /* PersonTests.m */,
				B473299D26CAB51D0072E138 /* Info.plist */,
			);
			path = PeepsTests;
			sourceTree = "<group>";
		};
/* End PBXGroup section */

/* Begin PBXHeadersBuildPhase section */
		B473298826CAB51D0072E138 /* Headers */ = {
			isa = PBXHeadersBuildPhase;
			buildActionMask = 2147483647;
			files = (
				B473299E26CAB51D0072E138 /* Peeps.h in Headers */,
				B47329AD26CBEBEA0072E138 /* Dog.h in Headers */,
				B47329B126CC08DC0072E138 /* NSString+PeepsAdditions.h in Headers */,
				B47329A926CAB8DB0072E138 /* Person.h in Headers */,
			);
			runOnlyForDeploymentPostprocessing = 0;
		};
/* End PBXHeadersBuildPhase section */

/* Begin PBXNativeTarget section */
		B473298C26CAB51D0072E138 /* Peeps */ = {
			isa = PBXNativeTarget;
			buildConfigurationList = B47329A126CAB51D0072E138 /* Build configuration list for PBXNativeTarget "Peeps" */;
			buildPhases = (
				B473298826CAB51D0072E138 /* Headers */,
				B473298926CAB51D0072E138 /* Sources */,
				B473298A26CAB51D0072E138 /* Frameworks */,
				B473298B26CAB51D0072E138 /* Resources */,
			);
			buildRules = (
			);
			dependencies = (
			);
			name = Peeps;
			productName = Peeps;
			productReference = B473298D26CAB51D0072E138 /* Peeps.framework */;
			productType = "com.apple.product-type.framework";
		};
		B473299526CAB51D0072E138 /* PeepsTests */ = {
			isa = PBXNativeTarget;
			buildConfigurationList = B47329A426CAB51D0072E138 /* Build configuration list for PBXNativeTarget "PeepsTests" */;
			buildPhases = (
				B473299226CAB51D0072E138 /* Sources */,
				B473299326CAB51D0072E138 /* Frameworks */,
				B473299426CAB51D0072E138 /* Resources */,
			);
			buildRules = (
			);
			dependencies = (
				B473299926CAB51D0072E138 /* PBXTargetDependency */,
			);
			name = PeepsTests;
			productName = PeepsTests;
			productReference = B473299626CAB51D0072E138 /* PeepsTests.xctest */;
			productType = "com.apple.product-type.bundle.unit-test";
		};
/* End PBXNativeTarget section */

/* Begin PBXProject section */
		B473298426CAB51D0072E138 /* Project object */ = {
			isa = PBXProject;
			attributes = {
				LastUpgradeCheck = 1250;
				TargetAttributes = {
					B473298C26CAB51D0072E138 = {
						CreatedOnToolsVersion = 12.5.1;
					};
					B473299526CAB51D0072E138 = {
						CreatedOnToolsVersion = 12.5.1;
					};
				};
			};
			buildConfigurationList = B473298726CAB51D0072E138 /* Build configuration list for PBXProject "Peeps" */;
			compatibilityVersion = "Xcode 9.3";
			developmentRegion = en;
			hasScannedForEncodings = 0;
			knownRegions = (
				en,
				Base,
			);
			mainGroup = B473298326CAB51D0072E138;
			productRefGroup = B473298E26CAB51D0072E138 /* Products */;
			projectDirPath = "";
			projectRoot = "";
			targets = (
				B473298C26CAB51D0072E138 /* Peeps */,
				B473299526CAB51D0072E138 /* PeepsTests */,
			);
		};
/* End PBXProject section */

/* Begin PBXResourcesBuildPhase section */
		B473298B26CAB51D0072E138 /* Resources */ = {
			isa = PBXResourcesBuildPhase;
			buildActionMask = 2147483647;
			files = (
			);
			runOnlyForDeploymentPostprocessing = 0;
		};
		B473299426CAB51D0072E138 /* Resources */ = {
			isa = PBXResourcesBuildPhase;
			buildActionMask = 2147483647;
			files = (
			);
			runOnlyForDeploymentPostprocessing = 0;
		};
/* End PBXResourcesBuildPhase section */

/* Begin PBXSourcesBuildPhase section */
		B473298926CAB51D0072E138 /* Sources */ = {
			isa = PBXSourcesBuildPhase;
			buildActionMask = 2147483647;
			files = (
				B47329B226CC08DC0072E138 /* NSString+PeepsAdditions.m in Sources */,
				B47329AE26CBEBEA0072E138 /* Dog.m in Sources */,
				B47329AA26CAB8DB0072E138 /* Person.m in Sources */,
			);
			runOnlyForDeploymentPostprocessing = 0;
		};
		B473299226CAB51D0072E138 /* Sources */ = {
			isa = PBXSourcesBuildPhase;
			buildActionMask = 2147483647;
			files = (
				B473299C26CAB51D0072E138 /* PersonTests.m in Sources */,
			);
			runOnlyForDeploymentPostprocessing = 0;
		};
/* End PBXSourcesBuildPhase section */

/* Begin PBXTargetDependency section */
		B473299926CAB51D0072E138 /* PBXTargetDependency */ = {
			isa = PBXTargetDependency;
			target = B473298C26CAB51D0072E138 /* Peeps */;
			targetProxy = B473299826CAB51D0072E138 /* PBXContainerItemProxy */;
		};
/* End PBXTargetDependency section */

/* Begin XCBuildConfiguration section */
		B473299F26CAB51D0072E138 /* Debug */ = {
			isa = XCBuildConfiguration;
			buildSettings = {
				ALWAYS_SEARCH_USER_PATHS = NO;
				CLANG_ANALYZER_NONNULL = YES;
				CLANG_ANALYZER_NUMBER_OBJECT_CONVERSION = YES_AGGRESSIVE;
				CLANG_CXX_LANGUAGE_STANDARD = "gnu++14";
				CLANG_CXX_LIBRARY = "libc++";
				CLANG_ENABLE_MODULES = YES;
				CLANG_ENABLE_OBJC_ARC = YES;
				CLANG_ENABLE_OBJC_WEAK = YES;
				CLANG_WARN_BLOCK_CAPTURE_AUTORELEASING = YES;
				CLANG_WARN_BOOL_CONVERSION = YES;
				CLANG_WARN_COMMA = YES;
				CLANG_WARN_CONSTANT_CONVERSION = YES;
				CLANG_WARN_DEPRECATED_OBJC_IMPLEMENTATIONS = YES;
				CLANG_WARN_DIRECT_OBJC_ISA_USAGE = YES_ERROR;
				CLANG_WARN_DOCUMENTATION_COMMENTS = YES;
				CLANG_WARN_EMPTY_BODY = YES;
				CLANG_WARN_ENUM_CONVERSION = YES;
				CLANG_WARN_INFINITE_RECURSION = YES;
				CLANG_WARN_INT_CONVERSION = YES;
				CLANG_WARN_NON_LITERAL_NULL_CONVERSION = YES;
				CLANG_WARN_OBJC_IMPLICIT_RETAIN_SELF = YES;
				CLANG_WARN_OBJC_LITERAL_CONVERSION = YES;
				CLANG_WARN_OBJC_ROOT_CLASS = YES_ERROR;
				CLANG_WARN_QUOTED_INCLUDE_IN_FRAMEWORK_HEADER = YES;
				CLANG_WARN_RANGE_LOOP_ANALYSIS = YES;
				CLANG_WARN_STRICT_PROTOTYPES = YES;
				CLANG_WARN_SUSPICIOUS_MOVE = YES;
				CLANG_WARN_UNGUARDED_AVAILABILITY = YES_AGGRESSIVE;
				CLANG_WARN_UNREACHABLE_CODE = YES;
				CLANG_WARN__DUPLICATE_METHOD_MATCH = YES;
				COPY_PHASE_STRIP = NO;
				CURRENT_PROJECT_VERSION = 1;
				DEBUG_INFORMATION_FORMAT = dwarf;
				ENABLE_STRICT_OBJC_MSGSEND = YES;
				ENABLE_TESTABILITY = YES;
				GCC_C_LANGUAGE_STANDARD = gnu11;
				GCC_DYNAMIC_NO_PIC = NO;
				GCC_NO_COMMON_BLOCKS = YES;
				GCC_OPTIMIZATION_LEVEL = 0;
				GCC_PREPROCESSOR_DEFINITIONS = (
					"DEBUG=1",
					"$(inherited)",
				);
				GCC_WARN_64_TO_32_BIT_CONVERSION = YES;
				GCC_WARN_ABOUT_RETURN_TYPE = YES_ERROR;
				GCC_WARN_UNDECLARED_SELECTOR = YES;
				GCC_WARN_UNINITIALIZED_AUTOS = YES_AGGRESSIVE;
				GCC_WARN_UNUSED_FUNCTION = YES;
				GCC_WARN_UNUSED_VARIABLE = YES;
				MACOSX_DEPLOYMENT_TARGET = 11.3;
				MTL_ENABLE_DEBUG_INFO = INCLUDE_SOURCE;
				MTL_FAST_MATH = YES;
				ONLY_ACTIVE_ARCH = YES;
				SDKROOT = macosx;
				VERSIONING_SYSTEM = "apple-generic";
				VERSION_INFO_PREFIX = "";
			};
			name = Debug;
		};
		B47329A026CAB51D0072E138 /* Release */ = {
			isa = XCBuildConfiguration;
			buildSettings = {
				ALWAYS_SEARCH_USER_PATHS = NO;
				CLANG_ANALYZER_NONNULL = YES;
				CLANG_ANALYZER_NUMBER_OBJECT_CONVERSION = YES_AGGRESSIVE;
				CLANG_CXX_LANGUAGE_STANDARD = "gnu++14";
				CLANG_CXX_LIBRARY = "libc++";
				CLANG_ENABLE_MODULES = YES;
				CLANG_ENABLE_OBJC_ARC = YES;
				CLANG_ENABLE_OBJC_WEAK = YES;
				CLANG_WARN_BLOCK_CAPTURE_AUTORELEASING = YES;
				CLANG_WARN_BOOL_CONVERSION = YES;
				CLANG_WARN_COMMA = YES;
				CLANG_WARN_CONSTANT_CONVERSION = YES;
				CLANG_WARN_DEPRECATED_OBJC_IMPLEMENTATIONS = YES;
				CLANG_WARN_DIRECT_OBJC_ISA_USAGE = YES_ERROR;
				CLANG_WARN_DOCUMENTATION_COMMENTS = YES;
				CLANG_WARN_EMPTY_BODY = YES;
				CLANG_WARN_ENUM_CONVERSION = YES;
				CLANG_WARN_INFINITE_RECURSION = YES;
				CLANG_WARN_INT_CONVERSION = YES;
				CLANG_WARN_NON_LITERAL_NULL_CONVERSION = YES;
				CLANG_WARN_OBJC_IMPLICIT_RETAIN_SELF = YES;
				CLANG_WARN_OBJC_LITERAL_CONVERSION = YES;
				CLANG_WARN_OBJC_ROOT_CLASS = YES_ERROR;
				CLANG_WARN_QUOTED_INCLUDE_IN_FRAMEWORK_HEADER = YES;
				CLANG_WARN_RANGE_LOOP_ANALYSIS = YES;
				CLANG_WARN_STRICT_PROTOTYPES = YES;
				CLANG_WARN_SUSPICIOUS_MOVE = YES;
				CLANG_WARN_UNGUARDED_AVAILABILITY = YES_AGGRESSIVE;
				CLANG_WARN_UNREACHABLE_CODE = YES;
				CLANG_WARN__DUPLICATE_METHOD_MATCH = YES;
				COPY_PHASE_STRIP = NO;
				CURRENT_PROJECT_VERSION = 1;
				DEBUG_INFORMATION_FORMAT = "dwarf-with-dsym";
				ENABLE_NS_ASSERTIONS = NO;
				ENABLE_STRICT_OBJC_MSGSEND = YES;
				GCC_C_LANGUAGE_STANDARD = gnu11;
				GCC_NO_COMMON_BLOCKS = YES;
				GCC_WARN_64_TO_32_BIT_CONVERSION = YES;
				GCC_WARN_ABOUT_RETURN_TYPE = YES_ERROR;
				GCC_WARN_UNDECLARED_SELECTOR = YES;
				GCC_WARN_UNINITIALIZED_AUTOS = YES_AGGRESSIVE;
				GCC_WARN_UNUSED_FUNCTION = YES;
				GCC_WARN_UNUSED_VARIABLE = YES;
				MACOSX_DEPLOYMENT_TARGET = 11.3;
				MTL_ENABLE_DEBUG_INFO = NO;
				MTL_FAST_MATH = YES;
				SDKROOT = macosx;
				VERSIONING_SYSTEM = "apple-generic";
				VERSION_INFO_PREFIX = "";
			};
			name = Release;
		};
		B47329A226CAB51D0072E138 /* Debug */ = {
			isa = XCBuildConfiguration;
			buildSettings = {
				CODE_SIGN_STYLE = Automatic;
				COMBINE_HIDPI_IMAGES = YES;
				DEFINES_MODULE = YES;
				DYLIB_COMPATIBILITY_VERSION = 1;
				DYLIB_CURRENT_VERSION = 1;
				DYLIB_INSTALL_NAME_BASE = "@rpath";
				INFOPLIST_FILE = Peeps/Info.plist;
				INSTALL_PATH = "$(LOCAL_LIBRARY_DIR)/Frameworks";
				LD_RUNPATH_SEARCH_PATHS = (
					"$(inherited)",
					"@executable_path/../Frameworks",
					"@loader_path/Frameworks",
				);
				PRODUCT_BUNDLE_IDENTIFIER = com.aboutobjects.training.Peeps;
				PRODUCT_NAME = "$(TARGET_NAME:c99extidentifier)";
				SKIP_INSTALL = YES;
			};
			name = Debug;
		};
		B47329A326CAB51D0072E138 /* Release */ = {
			isa = XCBuildConfiguration;
			buildSettings = {
				CODE_SIGN_STYLE = Automatic;
				COMBINE_HIDPI_IMAGES = YES;
				DEFINES_MODULE = YES;
				DYLIB_COMPATIBILITY_VERSION = 1;
				DYLIB_CURRENT_VERSION = 1;
				DYLIB_INSTALL_NAME_BASE = "@rpath";
				INFOPLIST_FILE = Peeps/Info.plist;
				INSTALL_PATH = "$(LOCAL_LIBRARY_DIR)/Frameworks";
				LD_RUNPATH_SEARCH_PATHS = (
					"$(inherited)",
					"@executable_path/../Frameworks",
					"@loader_path/Frameworks",
				);
				PRODUCT_BUNDLE_IDENTIFIER = com.aboutobjects.training.Peeps;
				PRODUCT_NAME = "$(TARGET_NAME:c99extidentifier)";
				SKIP_INSTALL = YES;
			};
			name = Release;
		};
		B47329A526CAB51D0072E138 /* Debug */ = {
			isa = XCBuildConfiguration;
			buildSettings = {
				CODE_SIGN_STYLE = Automatic;
				COMBINE_HIDPI_IMAGES = YES;
				INFOPLIST_FILE = PeepsTests/Info.plist;
				LD_RUNPATH_SEARCH_PATHS = (
					"$(inherited)",
					"@executable_path/../Frameworks",
					"@loader_path/../Frameworks",
				);
				PRODUCT_BUNDLE_IDENTIFIER = com.aboutobjects.training.PeepsTests;
				PRODUCT_NAME = "$(TARGET_NAME)";
			};
			name = Debug;
		};
		B47329A626CAB51D0072E138 /* Release */ = {
			isa = XCBuildConfiguration;
			buildSettings = {
				CODE_SIGN_STYLE = Automatic;
				COMBINE_HIDPI_IMAGES = YES;
				INFOPLIST_FILE = PeepsTests/Info.plist;
				LD_RUNPATH_SEARCH_PATHS = (
					"$(inherited)",
					"@executable_path/../Frameworks",
					"@loader_path/../Frameworks",
				);
				PRODUCT_BUNDLE_IDENTIFIER = com.aboutobjects.training.PeepsTests;
				PRODUCT_NAME = "$(TARGET_NAME)";
			};
			name = Release;
		};
/* End XCBuildConfiguration section */

/* Begin XCConfigurationList section */
		B473298726CAB51D0072E138 /* Build configuration list for PBXProject "Peeps" */ = {
			isa = XCConfigurationList;
			buildConfigurations = (
				B473299F26CAB51D0072E138 /* Debug */,
				B47329A026CAB51D0072E138 /* Release */,
			);
			defaultConfigurationIsVisible = 0;
			defaultConfigurationName = Release;
		};
		B47329A126CAB51D0072E138 /* Build configuration list for PBXNativeTarget "Peeps" */ = {
			isa = XCConfigurationList;
			buildConfigurations = (
				B47329A226CAB51D0072E138 /* Debug */,
				B47329A326CAB51D0072E138 /* Release */,
			);
			defaultConfigurationIsVisible = 0;
			defaultConfigurationName = Release;
		};
		B47329A426CAB51D0072E138 /* Build configuration list for PBXNativeTarget "PeepsTests" */ = {
			isa = XCConfigurationList;
			buildConfigurations = (
				B47329A526CAB51D0072E138 /* Debug */,
				B47329A626CAB51D0072E138 /* Release */,
			);
			defaultConfigurationIsVisible = 0;
			defaultConfigurationName = Release;
		};
/* End XCConfigurationList section */
	};
	rootObject = B473298426CAB51D0072E138 /* Project object */;
}
