// !$*UTF8*$!
{
	archiveVersion = 1;
	classes = {
	};
	objectVersion = 50;
	objects = {

/* Begin PBXBuildFile section */
		B4732A0526CE8C010072E138 /* Assets.xcassets in Resources */ = {isa = PBXBuildFile; fileRef = B4732A0426CE8C010072E138 /* Assets.xcassets */; };
		B4732A0826CE8C010072E138 /* LaunchScreen.storyboard in Resources */ = {isa = PBXBuildFile; fileRef = B4732A0626CE8C010072E138 /* LaunchScreen.storyboard */; };
		B4732A0B26CE8C010072E138 /* main.m in Sources */ = {isa = PBXBuildFile; fileRef = B4732A0A26CE8C010072E138 /* main.m */; };
		B4732A2526CE8DF20072E138 /* AppDelegate.m in Sources */ = {isa = PBXBuildFile; fileRef = B4732A1E26CE8DF20072E138 /* AppDelegate.m */; };
		B4732A2626CE8DF20072E138 /* SceneDelegate.m in Sources */ = {isa = PBXBuildFile; fileRef = B4732A1F26CE8DF20072E138 /* SceneDelegate.m */; };
		B4732A2726CE8DF20072E138 /* CLNCoolViewCell.m in Sources */ = {isa = PBXBuildFile; fileRef = B4732A2026CE8DF20072E138 /* CLNCoolViewCell.m */; };
		B4732A2826CE8DF20072E138 /* CLNCoolViewController.m in Sources */ = {isa = PBXBuildFile; fileRef = B4732A2126CE8DF20072E138 /* CLNCoolViewController.m */; };
		B4732A2A26CE91480072E138 /* CoolStuff.xib in Resources */ = {isa = PBXBuildFile; fileRef = B4732A2926CE91480072E138 /* CoolStuff.xib */; };
/* End PBXBuildFile section */

/* Begin PBXFileReference section */
		B47329F526CE8BFE0072E138 /* Coolness2.app */ = {isa = PBXFileReference; explicitFileType = wrapper.application; includeInIndex = 0; path = Coolness2.app; sourceTree = BUILT_PRODUCTS_DIR; };
		B4732A0426CE8C010072E138 /* Assets.xcassets */ = {isa = PBXFileReference; lastKnownFileType = folder.assetcatalog; path = Assets.xcassets; sourceTree = "<group>"; };
		B4732A0726CE8C010072E138 /* Base */ = {isa = PBXFileReference; lastKnownFileType = file.storyboard; name = Base; path = Base.lproj/LaunchScreen.storyboard; sourceTree = "<group>"; };
		B4732A0926CE8C010072E138 /* Info.plist */ = {isa = PBXFileReference; lastKnownFileType = text.plist.xml; path = Info.plist; sourceTree = "<group>"; };
		B4732A0A26CE8C010072E138 /* main.m */ = {isa = PBXFileReference; lastKnownFileType = sourcecode.c.objc; path = main.m; sourceTree = "<group>"; };
		B4732A1D26CE8DF20072E138 /* AppDelegate.h */ = {isa = PBXFileReference; fileEncoding = 4; lastKnownFileType = sourcecode.c.h; path = AppDelegate.h; sourceTree = "<group>"; };
		B4732A1E26CE8DF20072E138 /* AppDelegate.m */ = {isa = PBXFileReference; fileEncoding = 4; lastKnownFileType = sourcecode.c.objc; path = AppDelegate.m; sourceTree = "<group>"; };
		B4732A1F26CE8DF20072E138 /* SceneDelegate.m */ = {isa = PBXFileReference; fileEncoding = 4; lastKnownFileType = sourcecode.c.objc; path = SceneDelegate.m; sourceTree = "<group>"; };
		B4732A2026CE8DF20072E138 /* CLNCoolViewCell.m */ = {isa = PBXFileReference; fileEncoding = 4; lastKnownFileType = sourcecode.c.objc; path = CLNCoolViewCell.m; sourceTree = "<group>"; };
		B4732A2126CE8DF20072E138 /* CLNCoolViewController.m */ = {isa = PBXFileReference; fileEncoding = 4; lastKnownFileType = sourcecode.c.objc; path = CLNCoolViewController.m; sourceTree = "<group>"; };
		B4732A2226CE8DF20072E138 /* CLNCoolViewCell.h */ = {isa = PBXFileReference; fileEncoding = 4; lastKnownFileType = sourcecode.c.h; path = CLNCoolViewCell.h; sourceTree = "<group>"; };
		B4732A2326CE8DF20072E138 /* SceneDelegate.h */ = {isa = PBXFileReference; fileEncoding = 4; lastKnownFileType = sourcecode.c.h; path = SceneDelegate.h; sourceTree = "<group>"; };
		B4732A2426CE8DF20072E138 /* CLNCoolViewController.h */ = {isa = PBXFileReference; fileEncoding = 4; lastKnownFileType = sourcecode.c.h; path = CLNCoolViewController.h; sourceTree = "<group>"; };
		B4732A2926CE91480072E138 /* CoolStuff.xib */ = {isa = PBXFileReference; lastKnownFileType = file.xib; path = CoolStuff.xib; sourceTree = "<group>"; };
/* End PBXFileReference section */

/* Begin PBXFrameworksBuildPhase section */
		B47329F226CE8BFE0072E138 /* Frameworks */ = {
			isa = PBXFrameworksBuildPhase;
			buildActionMask = 2147483647;
			files = (
			);
			runOnlyForDeploymentPostprocessing = 0;
		};
/* End PBXFrameworksBuildPhase section */

/* Begin PBXGroup section */
		B47329EC26CE8BFD0072E138 = {
			isa = PBXGroup;
			children = (
				B47329F726CE8BFE0072E138 /* Coolness2 */,
				B47329F626CE8BFE0072E138 /* Products */,
			);
			sourceTree = "<group>";
		};
		B47329F626CE8BFE0072E138 /* Products */ = {
			isa = PBXGroup;
			children = (
				B47329F526CE8BFE0072E138 /* Coolness2.app */,
			);
			name = Products;
			sourceTree = "<group>";
		};
		B47329F726CE8BFE0072E138 /* Coolness2 */ = {
			isa = PBXGroup;
			children = (
				B4732A1D26CE8DF20072E138 /* AppDelegate.h */,
				B4732A1E26CE8DF20072E138 /* AppDelegate.m */,
				B4732A2326CE8DF20072E138 /* SceneDelegate.h */,
				B4732A1F26CE8DF20072E138 /* SceneDelegate.m */,
				B4732A2226CE8DF20072E138 /* CLNCoolViewCell.h */,
				B4732A2026CE8DF20072E138 /* CLNCoolViewCell.m */,
				B4732A2426CE8DF20072E138 /* CLNCoolViewController.h */,
				B4732A2126CE8DF20072E138 /* CLNCoolViewController.m */,
				B4732A2926CE91480072E138 /* CoolStuff.xib */,
				B4732A0426CE8C010072E138 /* Assets.xcassets */,
				B4732A0626CE8C010072E138 /* LaunchScreen.storyboard */,
				B4732A0926CE8C010072E138 /* Info.plist */,
				B4732A0A26CE8C010072E138 /* main.m */,
			);
			path = Coolness2;
			sourceTree = "<group>";
		};
/* End PBXGroup section */

/* Begin PBXNativeTarget section */
		B47329F426CE8BFE0072E138 /* Coolness2 */ = {
			isa = PBXNativeTarget;
			buildConfigurationList = B4732A0E26CE8C010072E138 /* Build configuration list for PBXNativeTarget "Coolness2" */;
			buildPhases = (
				B47329F126CE8BFE0072E138 /* Sources */,
				B47329F226CE8BFE0072E138 /* Frameworks */,
				B47329F326CE8BFE0072E138 /* Resources */,
			);
			buildRules = (
			);
			dependencies = (
			);
			name = Coolness2;
			productName = Coolness2;
			productReference = B47329F526CE8BFE0072E138 /* Coolness2.app */;
			productType = "com.apple.product-type.application";
		};
/* End PBXNativeTarget section */

/* Begin PBXProject section */
		B47329ED26CE8BFD0072E138 /* Project object */ = {
			isa = PBXProject;
			attributes = {
				LastUpgradeCheck = 1250;
				TargetAttributes = {
					B47329F426CE8BFE0072E138 = {
						CreatedOnToolsVersion = 12.5.1;
					};
				};
			};
			buildConfigurationList = B47329F026CE8BFD0072E138 /* Build configuration list for PBXProject "Coolness2" */;
			compatibilityVersion = "Xcode 9.3";
			developmentRegion = en;
			hasScannedForEncodings = 0;
			knownRegions = (
				en,
				Base,
			);
			mainGroup = B47329EC26CE8BFD0072E138;
			productRefGroup = B47329F626CE8BFE0072E138 /* Products */;
			projectDirPath = "";
			projectRoot = "";
			targets = (
				B47329F426CE8BFE0072E138 /* Coolness2 */,
			);
		};
/* End PBXProject section */

/* Begin PBXResourcesBuildPhase section */
		B47329F326CE8BFE0072E138 /* Resources */ = {
			isa = PBXResourcesBuildPhase;
			buildActionMask = 2147483647;
			files = (
				B4732A0826CE8C010072E138 /* LaunchScreen.storyboard in Resources */,
				B4732A2A26CE91480072E138 /* CoolStuff.xib in Resources */,
				B4732A0526CE8C010072E138 /* Assets.xcassets in Resources */,
			);
			runOnlyForDeploymentPostprocessing = 0;
		};
/* End PBXResourcesBuildPhase section */

/* Begin PBXSourcesBuildPhase section */
		B47329F126CE8BFE0072E138 /* Sources */ = {
			isa = PBXSourcesBuildPhase;
			buildActionMask = 2147483647;
			files = (
				B4732A2526CE8DF20072E138 /* AppDelegate.m in Sources */,
				B4732A2826CE8DF20072E138 /* CLNCoolViewController.m in Sources */,
				B4732A2726CE8DF20072E138 /* CLNCoolViewCell.m in Sources */,
				B4732A2626CE8DF20072E138 /* SceneDelegate.m in Sources */,
				B4732A0B26CE8C010072E138 /* main.m in Sources */,
			);
			runOnlyForDeploymentPostprocessing = 0;
		};
/* End PBXSourcesBuildPhase section */

/* Begin PBXVariantGroup section */
		B4732A0626CE8C010072E138 /* LaunchScreen.storyboard */ = {
			isa = PBXVariantGroup;
			children = (
				B4732A0726CE8C010072E138 /* Base */,
			);
			name = LaunchScreen.storyboard;
			sourceTree = "<group>";
		};
/* End PBXVariantGroup section */

/* Begin XCBuildConfiguration section */
		B4732A0C26CE8C010072E138 /* Debug */ = {
			isa = XCBuildConfiguration;
			buildSettings = {
				ALWAYS_SEARCH_USER_PATHS = NO;
				CLANG_ANALYZER_NONNULL = YES;
				CLANG_ANALYZER_NUMBER_OBJECT_CONVERSION = YES_AGGRESSIVE;
				CLANG_CXX_LANGUAGE_STANDARD = "gnu++14";
				CLANG_CXX_LIBRARY = "libc++";
				CLANG_ENABLE_MODULES = YES;
				CLANG_ENABLE_OBJC_ARC = YES;
				CLANG_ENABLE_OBJC_WEAK = YES;
				CLANG_WARN_BLOCK_CAPTURE_AUTORELEASING = YES;
				CLANG_WARN_BOOL_CONVERSION = YES;
				CLANG_WARN_COMMA = YES;
				CLANG_WARN_CONSTANT_CONVERSION = YES;
				CLANG_WARN_DEPRECATED_OBJC_IMPLEMENTATIONS = YES;
				CLANG_WARN_DIRECT_OBJC_ISA_USAGE = YES_ERROR;
				CLANG_WARN_DOCUMENTATION_COMMENTS = YES;
				CLANG_WARN_EMPTY_BODY = YES;
				CLANG_WARN_ENUM_CONVERSION = YES;
				CLANG_WARN_INFINITE_RECURSION = YES;
				CLANG_WARN_INT_CONVERSION = YES;
				CLANG_WARN_NON_LITERAL_NULL_CONVERSION = YES;
				CLANG_WARN_OBJC_IMPLICIT_RETAIN_SELF = YES;
				CLANG_WARN_OBJC_LITERAL_CONVERSION = YES;
				CLANG_WARN_OBJC_ROOT_CLASS = YES_ERROR;
				CLANG_WARN_QUOTED_INCLUDE_IN_FRAMEWORK_HEADER = YES;
				CLANG_WARN_RANGE_LOOP_ANALYSIS = YES;
				CLANG_WARN_STRICT_PROTOTYPES = YES;
				CLANG_WARN_SUSPICIOUS_MOVE = YES;
				CLANG_WARN_UNGUARDED_AVAILABILITY = YES_AGGRESSIVE;
				CLANG_WARN_UNREACHABLE_CODE = YES;
				CLANG_WARN__DUPLICATE_METHOD_MATCH = YES;
				COPY_PHASE_STRIP = NO;
				DEBUG_INFORMATION_FORMAT = dwarf;
				ENABLE_STRICT_OBJC_MSGSEND = YES;
				ENABLE_TESTABILITY = YES;
				GCC_C_LANGUAGE_STANDARD = gnu11;
				GCC_DYNAMIC_NO_PIC = NO;
				GCC_NO_COMMON_BLOCKS = YES;
				GCC_OPTIMIZATION_LEVEL = 0;
				GCC_PREPROCESSOR_DEFINITIONS = (
					"DEBUG=1",
					"$(inherited)",
				);
				GCC_WARN_64_TO_32_BIT_CONVERSION = YES;
				GCC_WARN_ABOUT_RETURN_TYPE = YES_ERROR;
				GCC_WARN_UNDECLARED_SELECTOR = YES;
				GCC_WARN_UNINITIALIZED_AUTOS = YES_AGGRESSIVE;
				GCC_WARN_UNUSED_FUNCTION = YES;
				GCC_WARN_UNUSED_VARIABLE = YES;
				IPHONEOS_DEPLOYMENT_TARGET = 14.5;
				MTL_ENABLE_DEBUG_INFO = INCLUDE_SOURCE;
				MTL_FAST_MATH = YES;
				ONLY_ACTIVE_ARCH = YES;
				SDKROOT = iphoneos;
			};
			name = Debug;
		};
		B4732A0D26CE8C010072E138 /* Release */ = {
			isa = XCBuildConfiguration;
			buildSettings = {
				ALWAYS_SEARCH_USER_PATHS = NO;
				CLANG_ANALYZER_NONNULL = YES;
				CLANG_ANALYZER_NUMBER_OBJECT_CONVERSION = YES_AGGRESSIVE;
				CLANG_CXX_LANGUAGE_STANDARD = "gnu++14";
				CLANG_CXX_LIBRARY = "libc++";
				CLANG_ENABLE_MODULES = YES;
				CLANG_ENABLE_OBJC_ARC = YES;
				CLANG_ENABLE_OBJC_WEAK = YES;
				CLANG_WARN_BLOCK_CAPTURE_AUTORELEASING = YES;
				CLANG_WARN_BOOL_CONVERSION = YES;
				CLANG_WARN_COMMA = YES;
				CLANG_WARN_CONSTANT_CONVERSION = YES;
				CLANG_WARN_DEPRECATED_OBJC_IMPLEMENTATIONS = YES;
				CLANG_WARN_DIRECT_OBJC_ISA_USAGE = YES_ERROR;
				CLANG_WARN_DOCUMENTATION_COMMENTS = YES;
				CLANG_WARN_EMPTY_BODY = YES;
				CLANG_WARN_ENUM_CONVERSION = YES;
				CLANG_WARN_INFINITE_RECURSION = YES;
				CLANG_WARN_INT_CONVERSION = YES;
				CLANG_WARN_NON_LITERAL_NULL_CONVERSION = YES;
				CLANG_WARN_OBJC_IMPLICIT_RETAIN_SELF = YES;
				CLANG_WARN_OBJC_LITERAL_CONVERSION = YES;
				CLANG_WARN_OBJC_ROOT_CLASS = YES_ERROR;
				CLANG_WARN_QUOTED_INCLUDE_IN_FRAMEWORK_HEADER = YES;
				CLANG_WARN_RANGE_LOOP_ANALYSIS = YES;
				CLANG_WARN_STRICT_PROTOTYPES = YES;
				CLANG_WARN_SUSPICIOUS_MOVE = YES;
				CLANG_WARN_UNGUARDED_AVAILABILITY = YES_AGGRESSIVE;
				CLANG_WARN_UNREACHABLE_CODE = YES;
				CLANG_WARN__DUPLICATE_METHOD_MATCH = YES;
				COPY_PHASE_STRIP = NO;
				DEBUG_INFORMATION_FORMAT = "dwarf-with-dsym";
				ENABLE_NS_ASSERTIONS = NO;
				ENABLE_STRICT_OBJC_MSGSEND = YES;
				GCC_C_LANGUAGE_STANDARD = gnu11;
				GCC_NO_COMMON_BLOCKS = YES;
				GCC_WARN_64_TO_32_BIT_CONVERSION = YES;
				GCC_WARN_ABOUT_RETURN_TYPE = YES_ERROR;
				GCC_WARN_UNDECLARED_SELECTOR = YES;
				GCC_WARN_UNINITIALIZED_AUTOS = YES_AGGRESSIVE;
				GCC_WARN_UNUSED_FUNCTION = YES;
				GCC_WARN_UNUSED_VARIABLE = YES;
				IPHONEOS_DEPLOYMENT_TARGET = 14.5;
				MTL_ENABLE_DEBUG_INFO = NO;
				MTL_FAST_MATH = YES;
				SDKROOT = iphoneos;
				VALIDATE_PRODUCT = YES;
			};
			name = Release;
		};
		B4732A0F26CE8C010072E138 /* Debug */ = {
			isa = XCBuildConfiguration;
			buildSettings = {
				ASSETCATALOG_COMPILER_APPICON_NAME = AppIcon;
				ASSETCATALOG_COMPILER_GLOBAL_ACCENT_COLOR_NAME = AccentColor;
				CODE_SIGN_STYLE = Automatic;
				INFOPLIST_FILE = Coolness2/Info.plist;
				LD_RUNPATH_SEARCH_PATHS = (
					"$(inherited)",
					"@executable_path/Frameworks",
				);
				PRODUCT_BUNDLE_IDENTIFIER = com.aboutobjects.training.Coolness2;
				PRODUCT_NAME = "$(TARGET_NAME)";
				TARGETED_DEVICE_FAMILY = "1,2";
			};
			name = Debug;
		};
		B4732A1026CE8C010072E138 /* Release */ = {
			isa = XCBuildConfiguration;
			buildSettings = {
				ASSETCATALOG_COMPILER_APPICON_NAME = AppIcon;
				ASSETCATALOG_COMPILER_GLOBAL_ACCENT_COLOR_NAME = AccentColor;
				CODE_SIGN_STYLE = Automatic;
				INFOPLIST_FILE = Coolness2/Info.plist;
				LD_RUNPATH_SEARCH_PATHS = (
					"$(inherited)",
					"@executable_path/Frameworks",
				);
				PRODUCT_BUNDLE_IDENTIFIER = com.aboutobjects.training.Coolness2;
				PRODUCT_NAME = "$(TARGET_NAME)";
				TARGETED_DEVICE_FAMILY = "1,2";
			};
			name = Release;
		};
/* End XCBuildConfiguration section */

/* Begin XCConfigurationList section */
		B47329F026CE8BFD0072E138 /* Build configuration list for PBXProject "Coolness2" */ = {
			isa = XCConfigurationList;
			buildConfigurations = (
				B4732A0C26CE8C010072E138 /* Debug */,
				B4732A0D26CE8C010072E138 /* Release */,
			);
			defaultConfigurationIsVisible = 0;
			defaultConfigurationName = Release;
		};
		B4732A0E26CE8C010072E138 /* Build configuration list for PBXNativeTarget "Coolness2" */ = {
			isa = XCConfigurationList;
			buildConfigurations = (
				B4732A0F26CE8C010072E138 /* Debug */,
				B4732A1026CE8C010072E138 /* Release */,
			);
			defaultConfigurationIsVisible = 0;
			defaultConfigurationName = Release;
		};
/* End XCConfigurationList section */
	};
	rootObject = B47329ED26CE8BFD0072E138 /* Project object */;
}
